
Microsoft Visual Studio Solution File, Format Version 12.00
# Visual Studio Version 16
VisualStudioVersion = 16.0.30523.141
MinimumVisualStudioVersion = 10.0.40219.1
Project("{FAE04EC0-301F-11D3-BF4B-00C04F79EFBC}") = "MySqlReader", "MySqlReader\MySqlReader.csproj", "{44878E2B-C689-4DE0-9CF9-EB46796921B2}"
EndProject
Global
	GlobalSection(SolutionConfigurationPlatforms) = preSolution
		Debug|Any CPU = Debug|Any CPU
		Release|Any CPU = Release|Any CPU
	EndGlobalSection
	GlobalSection(ProjectConfigurationPlatforms) = postSolution
		{44878E2B-C689-4DE0-9CF9-EB46796921B2}.Debug|Any CPU.ActiveCfg = Debug|Any CPU
		{44878E2B-C689-4DE0-9CF9-EB46796921B2}.Debug|Any CPU.Build.0 = Debug|Any CPU
		{44878E2B-C689-4DE0-9CF9-EB46796921B2}.Release|Any CPU.ActiveCfg = Release|Any CPU
		{44878E2B-C689-4DE0-9CF9-EB46796921B2}.Release|Any CPU.Build.0 = Release|Any CPU
	EndGlobalSection
	GlobalSection(SolutionProperties) = preSolution
		HideSolutionNode = FALSE
	EndGlobalSection
	GlobalSection(ExtensibilityGlobals) = postSolution
		SolutionGuid = {8A994602-8526-4261-9AA4-79F4185DFF22}
	EndGlobalSection
EndGlobal
